
Microsoft Visual Studio Solution File, Format Version 12.00
# Visual Studio Version 17
VisualStudioVersion = 17.12.35323.107
MinimumVisualStudioVersion = 10.0.40219.1
Project("{FAE04EC0-301F-11D3-BF4B-00C04F79EFBC}") = "WindowsFormsApp14", "WindowsFormsApp14\WindowsFormsApp14.csproj", "{2FE94E1A-3860-4C80-B304-18D20FDEC875}"
EndProject
Global
	GlobalSection(SolutionConfigurationPlatforms) = preSolution
		Debug|Any CPU = Debug|Any CPU
		Release|Any CPU = Release|Any CPU
	EndGlobalSection
	GlobalSection(ProjectConfigurationPlatforms) = postSolution
		{2FE94E1A-3860-4C80-B304-18D20FDEC875}.Debug|Any CPU.ActiveCfg = Debug|Any CPU
		{2FE94E1A-3860-4C80-B304-18D20FDEC875}.Debug|Any CPU.Build.0 = Debug|Any CPU
		{2FE94E1A-3860-4C80-B304-18D20FDEC875}.Release|Any CPU.ActiveCfg = Release|Any CPU
		{2FE94E1A-3860-4C80-B304-18D20FDEC875}.Release|Any CPU.Build.0 = Release|Any CPU
	EndGlobalSection
	GlobalSection(SolutionProperties) = preSolution
		HideSolutionNode = FALSE
	EndGlobalSection
	GlobalSection(ExtensibilityGlobals) = postSolution
		SolutionGuid = {5EA1015E-30DD-452B-ADD4-8957D2CDC347}
	EndGlobalSection
EndGlobal
